// !$*UTF8*$!
{
	archiveVersion = 1;
	classes = {
	};
	objectVersion = 46;
	objects = {

/* Begin PBXBuildFile section */
		D9C1636A1B9BC9450080ADE9 /* AppDelegate.swift in Sources */ = {isa = PBXBuildFile; fileRef = D9C163691B9BC9450080ADE9 /* AppDelegate.swift */; };
		D9C1636C1B9BC9450080ADE9 /* art.scnassets in Resources */ = {isa = PBXBuildFile; fileRef = D9C1636B1B9BC9450080ADE9 /* art.scnassets */; };
		D9C1636E1B9BC9450080ADE9 /* GameViewController.swift in Sources */ = {isa = PBXBuildFile; fileRef = D9C1636D1B9BC9450080ADE9 /* GameViewController.swift */; };
		D9C163711B9BC9450080ADE9 /* Main.storyboard in Resources */ = {isa = PBXBuildFile; fileRef = D9C1636F1B9BC9450080ADE9 /* Main.storyboard */; };
		D9C163731B9BC9450080ADE9 /* Assets.xcassets in Resources */ = {isa = PBXBuildFile; fileRef = D9C163721B9BC9450080ADE9 /* Assets.xcassets */; };
		D9C163761B9BC9450080ADE9 /* LaunchScreen.storyboard in Resources */ = {isa = PBXBuildFile; fileRef = D9C163741B9BC9450080ADE9 /* LaunchScreen.storyboard */; };
		D9C163811B9BC9460080ADE9 /* FirstGameTests.swift in Sources */ = {isa = PBXBuildFile; fileRef = D9C163801B9BC9460080ADE9 /* FirstGameTests.swift */; };
		D9C1638C1B9BC9460080ADE9 /* FirstGameUITests.swift in Sources */ = {isa = PBXBuildFile; fileRef = D9C1638B1B9BC9460080ADE9 /* FirstGameUITests.swift */; };
/* End PBXBuildFile section */

/* Begin PBXContainerItemProxy section */
		D9C1637D1B9BC9460080ADE9 /* PBXContainerItemProxy */ = {
			isa = PBXContainerItemProxy;
			containerPortal = D9C1635E1B9BC9450080ADE9 /* Project object */;
			proxyType = 1;
			remoteGlobalIDString = D9C163651B9BC9450080ADE9;
			remoteInfo = FirstGame;
		};
		D9C163881B9BC9460080ADE9 /* PBXContainerItemProxy */ = {
			isa = PBXContainerItemProxy;
			containerPortal = D9C1635E1B9BC9450080ADE9 /* Project object */;
			proxyType = 1;
			remoteGlobalIDString = D9C163651B9BC9450080ADE9;
			remoteInfo = FirstGame;
		};
/* End PBXContainerItemProxy section */

/* Begin PBXFileReference section */
		D9C163661B9BC9450080ADE9 /* FirstGame.app */ = {isa = PBXFileReference; explicitFileType = wrapper.application; includeInIndex = 0; path = FirstGame.app; sourceTree = BUILT_PRODUCTS_DIR; };
		D9C163691B9BC9450080ADE9 /* AppDelegate.swift */ = {isa = PBXFileReference; lastKnownFileType = sourcecode.swift; path = AppDelegate.swift; sourceTree = "<group>"; };
		D9C1636B1B9BC9450080ADE9 /* art.scnassets */ = {isa = PBXFileReference; lastKnownFileType = wrapper.scnassets; path = art.scnassets; sourceTree = "<group>"; };
		D9C1636D1B9BC9450080ADE9 /* GameViewController.swift */ = {isa = PBXFileReference; lastKnownFileType = sourcecode.swift; path = GameViewController.swift; sourceTree = "<group>"; };
		D9C163701B9BC9450080ADE9 /* Base */ = {isa = PBXFileReference; lastKnownFileType = file.storyboard; name = Base; path = Base.lproj/Main.storyboard; sourceTree = "<group>"; };
		D9C163721B9BC9450080ADE9 /* Assets.xcassets */ = {isa = PBXFileReference; lastKnownFileType = folder.assetcatalog; path = Assets.xcassets; sourceTree = "<group>"; };
		D9C163751B9BC9450080ADE9 /* Base */ = {isa = PBXFileReference; lastKnownFileType = file.storyboard; name = Base; path = Base.lproj/LaunchScreen.storyboard; sourceTree = "<group>"; };
		D9C163771B9BC9450080ADE9 /* Info.plist */ = {isa = PBXFileReference; lastKnownFileType = text.plist.xml; path = Info.plist; sourceTree = "<group>"; };
		D9C1637C1B9BC9460080ADE9 /* FirstGameTests.xctest */ = {isa = PBXFileReference; explicitFileType = wrapper.cfbundle; includeInIndex = 0; path = FirstGameTests.xctest; sourceTree = BUILT_PRODUCTS_DIR; };
		D9C163801B9BC9460080ADE9 /* FirstGameTests.swift */ = {isa = PBXFileReference; lastKnownFileType = sourcecode.swift; path = FirstGameTests.swift; sourceTree = "<group>"; };
		D9C163821B9BC9460080ADE9 /* Info.plist */ = {isa = PBXFileReference; lastKnownFileType = text.plist.xml; path = Info.plist; sourceTree = "<group>"; };
		D9C163871B9BC9460080ADE9 /* FirstGameUITests.xctest */ = {isa = PBXFileReference; explicitFileType = wrapper.cfbundle; includeInIndex = 0; path = FirstGameUITests.xctest; sourceTree = BUILT_PRODUCTS_DIR; };
		D9C1638B1B9BC9460080ADE9 /* FirstGameUITests.swift */ = {isa = PBXFileReference; lastKnownFileType = sourcecode.swift; path = FirstGameUITests.swift; sourceTree = "<group>"; };
		D9C1638D1B9BC9460080ADE9 /* Info.plist */ = {isa = PBXFileReference; lastKnownFileType = text.plist.xml; path = Info.plist; sourceTree = "<group>"; };
/* End PBXFileReference section */

/* Begin PBXFrameworksBuildPhase section */
		D9C163631B9BC9450080ADE9 /* Frameworks */ = {
			isa = PBXFrameworksBuildPhase;
			buildActionMask = 2147483647;
			files = (
			);
			runOnlyForDeploymentPostprocessing = 0;
		};
		D9C163791B9BC9460080ADE9 /* Frameworks */ = {
			isa = PBXFrameworksBuildPhase;
			buildActionMask = 2147483647;
			files = (
			);
			runOnlyForDeploymentPostprocessing = 0;
		};
		D9C163841B9BC9460080ADE9 /* Frameworks */ = {
			isa = PBXFrameworksBuildPhase;
			buildActionMask = 2147483647;
			files = (
			);
			runOnlyForDeploymentPostprocessing = 0;
		};
/* End PBXFrameworksBuildPhase section */

/* Begin PBXGroup section */
		D9C1635D1B9BC9450080ADE9 = {
			isa = PBXGroup;
			children = (
				D9C163681B9BC9450080ADE9 /* FirstGame */,
				D9C1637F1B9BC9460080ADE9 /* FirstGameTests */,
				D9C1638A1B9BC9460080ADE9 /* FirstGameUITests */,
				D9C163671B9BC9450080ADE9 /* Products */,
			);
			sourceTree = "<group>";
		};
		D9C163671B9BC9450080ADE9 /* Products */ = {
			isa = PBXGroup;
			children = (
				D9C163661B9BC9450080ADE9 /* FirstGame.app */,
				D9C1637C1B9BC9460080ADE9 /* FirstGameTests.xctest */,
				D9C163871B9BC9460080ADE9 /* FirstGameUITests.xctest */,
			);
			name = Products;
			sourceTree = "<group>";
		};
		D9C163681B9BC9450080ADE9 /* FirstGame */ = {
			isa = PBXGroup;
			children = (
				D9C163691B9BC9450080ADE9 /* AppDelegate.swift */,
				D9C1636B1B9BC9450080ADE9 /* art.scnassets */,
				D9C1636D1B9BC9450080ADE9 /* GameViewController.swift */,
				D9C1636F1B9BC9450080ADE9 /* Main.storyboard */,
				D9C163721B9BC9450080ADE9 /* Assets.xcassets */,
				D9C163741B9BC9450080ADE9 /* LaunchScreen.storyboard */,
				D9C163771B9BC9450080ADE9 /* Info.plist */,
			);
			path = FirstGame;
			sourceTree = "<group>";
		};
		D9C1637F1B9BC9460080ADE9 /* FirstGameTests */ = {
			isa = PBXGroup;
			children = (
				D9C163801B9BC9460080ADE9 /* FirstGameTests.swift */,
				D9C163821B9BC9460080ADE9 /* Info.plist */,
			);
			path = FirstGameTests;
			sourceTree = "<group>";
		};
		D9C1638A1B9BC9460080ADE9 /* FirstGameUITests */ = {
			isa = PBXGroup;
			children = (
				D9C1638B1B9BC9460080ADE9 /* FirstGameUITests.swift */,
				D9C1638D1B9BC9460080ADE9 /* Info.plist */,
			);
			path = FirstGameUITests;
			sourceTree = "<group>";
		};
/* End PBXGroup section */

/* Begin PBXNativeTarget section */
		D9C163651B9BC9450080ADE9 /* FirstGame */ = {
			isa = PBXNativeTarget;
			buildConfigurationList = D9C163901B9BC9460080ADE9 /* Build configuration list for PBXNativeTarget "FirstGame" */;
			buildPhases = (
				D9C163621B9BC9450080ADE9 /* Sources */,
				D9C163631B9BC9450080ADE9 /* Frameworks */,
				D9C163641B9BC9450080ADE9 /* Resources */,
			);
			buildRules = (
			);
			dependencies = (
			);
			name = FirstGame;
			productName = FirstGame;
			productReference = D9C163661B9BC9450080ADE9 /* FirstGame.app */;
			productType = "com.apple.product-type.application";
		};
		D9C1637B1B9BC9460080ADE9 /* FirstGameTests */ = {
			isa = PBXNativeTarget;
			buildConfigurationList = D9C163931B9BC9460080ADE9 /* Build configuration list for PBXNativeTarget "FirstGameTests" */;
			buildPhases = (
				D9C163781B9BC9460080ADE9 /* Sources */,
				D9C163791B9BC9460080ADE9 /* Frameworks */,
				D9C1637A1B9BC9460080ADE9 /* Resources */,
			);
			buildRules = (
			);
			dependencies = (
				D9C1637E1B9BC9460080ADE9 /* PBXTargetDependency */,
			);
			name = FirstGameTests;
			productName = FirstGameTests;
			productReference = D9C1637C1B9BC9460080ADE9 /* FirstGameTests.xctest */;
			productType = "com.apple.product-type.bundle.unit-test";
		};
		D9C163861B9BC9460080ADE9 /* FirstGameUITests */ = {
			isa = PBXNativeTarget;
			buildConfigurationList = D9C163961B9BC9460080ADE9 /* Build configuration list for PBXNativeTarget "FirstGameUITests" */;
			buildPhases = (
				D9C163831B9BC9460080ADE9 /* Sources */,
				D9C163841B9BC9460080ADE9 /* Frameworks */,
				D9C163851B9BC9460080ADE9 /* Resources */,
			);
			buildRules = (
			);
			dependencies = (
				D9C163891B9BC9460080ADE9 /* PBXTargetDependency */,
			);
			name = FirstGameUITests;
			productName = FirstGameUITests;
			productReference = D9C163871B9BC9460080ADE9 /* FirstGameUITests.xctest */;
			productType = "com.apple.product-type.bundle.ui-testing";
		};
/* End PBXNativeTarget section */

/* Begin PBXProject section */
		D9C1635E1B9BC9450080ADE9 /* Project object */ = {
			isa = PBXProject;
			attributes = {
				LastUpgradeCheck = 0700;
				ORGANIZATIONNAME = "Shidong Lin";
				TargetAttributes = {
					D9C163651B9BC9450080ADE9 = {
						CreatedOnToolsVersion = 7.0;
					};
					D9C1637B1B9BC9460080ADE9 = {
						CreatedOnToolsVersion = 7.0;
						TestTargetID = D9C163651B9BC9450080ADE9;
					};
					D9C163861B9BC9460080ADE9 = {
						CreatedOnToolsVersion = 7.0;
						TestTargetID = D9C163651B9BC9450080ADE9;
					};
				};
			};
			buildConfigurationList = D9C163611B9BC9450080ADE9 /* Build configuration list for PBXProject "FirstGame" */;
			compatibilityVersion = "Xcode 3.2";
			developmentRegion = English;
			hasScannedForEncodings = 0;
			knownRegions = (
				en,
				Base,
			);
			mainGroup = D9C1635D1B9BC9450080ADE9;
			productRefGroup = D9C163671B9BC9450080ADE9 /* Products */;
			projectDirPath = "";
			projectRoot = "";
			targets = (
				D9C163651B9BC9450080ADE9 /* FirstGame */,
				D9C1637B1B9BC9460080ADE9 /* FirstGameTests */,
				D9C163861B9BC9460080ADE9 /* FirstGameUITests */,
			);
		};
/* End PBXProject section */

/* Begin PBXResourcesBuildPhase section */
		D9C163641B9BC9450080ADE9 /* Resources */ = {
			isa = PBXResourcesBuildPhase;
			buildActionMask = 2147483647;
			files = (
				D9C1636C1B9BC9450080ADE9 /* art.scnassets in Resources */,
				D9C163761B9BC9450080ADE9 /* LaunchScreen.storyboard in Resources */,
				D9C163731B9BC9450080ADE9 /* Assets.xcassets in Resources */,
				D9C163711B9BC9450080ADE9 /* Main.storyboard in Resources */,
			);
			runOnlyForDeploymentPostprocessing = 0;
		};
		D9C1637A1B9BC9460080ADE9 /* Resources */ = {
			isa = PBXResourcesBuildPhase;
			buildActionMask = 2147483647;
			files = (
			);
			runOnlyForDeploymentPostprocessing = 0;
		};
		D9C163851B9BC9460080ADE9 /* Resources */ = {
			isa = PBXResourcesBuildPhase;
			buildActionMask = 2147483647;
			files = (
			);
			runOnlyForDeploymentPostprocessing = 0;
		};
/* End PBXResourcesBuildPhase section */

/* Begin PBXSourcesBuildPhase section */
		D9C163621B9BC9450080ADE9 /* Sources */ = {
			isa = PBXSourcesBuildPhase;
			buildActionMask = 2147483647;
			files = (
				D9C1636E1B9BC9450080ADE9 /* GameViewController.swift in Sources */,
				D9C1636A1B9BC9450080ADE9 /* AppDelegate.swift in Sources */,
			);
			runOnlyForDeploymentPostprocessing = 0;
		};
		D9C163781B9BC9460080ADE9 /* Sources */ = {
			isa = PBXSourcesBuildPhase;
			buildActionMask = 2147483647;
			files = (
				D9C163811B9BC9460080ADE9 /* FirstGameTests.swift in Sources */,
			);
			runOnlyForDeploymentPostprocessing = 0;
		};
		D9C163831B9BC9460080ADE9 /* Sources */ = {
			isa = PBXSourcesBuildPhase;
			buildActionMask = 2147483647;
			files = (
				D9C1638C1B9BC9460080ADE9 /* FirstGameUITests.swift in Sources */,
			);
			runOnlyForDeploymentPostprocessing = 0;
		};
/* End PBXSourcesBuildPhase section */

/* Begin PBXTargetDependency section */
		D9C1637E1B9BC9460080ADE9 /* PBXTargetDependency */ = {
			isa = PBXTargetDependency;
			target = D9C163651B9BC9450080ADE9 /* FirstGame */;
			targetProxy = D9C1637D1B9BC9460080ADE9 /* PBXContainerItemProxy */;
		};
		D9C163891B9BC9460080ADE9 /* PBXTargetDependency */ = {
			isa = PBXTargetDependency;
			target = D9C163651B9BC9450080ADE9 /* FirstGame */;
			targetProxy = D9C163881B9BC9460080ADE9 /* PBXContainerItemProxy */;
		};
/* End PBXTargetDependency section */

/* Begin PBXVariantGroup section */
		D9C1636F1B9BC9450080ADE9 /* Main.storyboard */ = {
			isa = PBXVariantGroup;
			children = (
				D9C163701B9BC9450080ADE9 /* Base */,
			);
			name = Main.storyboard;
			sourceTree = "<group>";
		};
		D9C163741B9BC9450080ADE9 /* LaunchScreen.storyboard */ = {
			isa = PBXVariantGroup;
			children = (
				D9C163751B9BC9450080ADE9 /* Base */,
			);
			name = LaunchScreen.storyboard;
			sourceTree = "<group>";
		};
/* End PBXVariantGroup section */

/* Begin XCBuildConfiguration section */
		D9C1638E1B9BC9460080ADE9 /* Debug */ = {
			isa = XCBuildConfiguration;
			buildSettings = {
				ALWAYS_SEARCH_USER_PATHS = NO;
				CLANG_CXX_LANGUAGE_STANDARD = "gnu++0x";
				CLANG_CXX_LIBRARY = "libc++";
				CLANG_ENABLE_MODULES = YES;
				CLANG_ENABLE_OBJC_ARC = YES;
				CLANG_WARN_BOOL_CONVERSION = YES;
				CLANG_WARN_CONSTANT_CONVERSION = YES;
				CLANG_WARN_DIRECT_OBJC_ISA_USAGE = YES_ERROR;
				CLANG_WARN_EMPTY_BODY = YES;
				CLANG_WARN_ENUM_CONVERSION = YES;
				CLANG_WARN_INT_CONVERSION = YES;
				CLANG_WARN_OBJC_ROOT_CLASS = YES_ERROR;
				CLANG_WARN_UNREACHABLE_CODE = YES;
				CLANG_WARN__DUPLICATE_METHOD_MATCH = YES;
				"CODE_SIGN_IDENTITY[sdk=iphoneos*]" = "iPhone Developer";
				COPY_PHASE_STRIP = NO;
				DEBUG_INFORMATION_FORMAT = "dwarf-with-dsym";
				ENABLE_STRICT_OBJC_MSGSEND = YES;
				ENABLE_TESTABILITY = YES;
				GCC_C_LANGUAGE_STANDARD = gnu99;
				GCC_DYNAMIC_NO_PIC = NO;
				GCC_NO_COMMON_BLOCKS = YES;
				GCC_OPTIMIZATION_LEVEL = 0;
				GCC_PREPROCESSOR_DEFINITIONS = (
					"DEBUG=1",
					"$(inherited)",
				);
				GCC_WARN_64_TO_32_BIT_CONVERSION = YES;
				GCC_WARN_ABOUT_RETURN_TYPE = YES_ERROR;
				GCC_WARN_UNDECLARED_SELECTOR = YES;
				GCC_WARN_UNINITIALIZED_AUTOS = YES_AGGRESSIVE;
				GCC_WARN_UNUSED_FUNCTION = YES;
				GCC_WARN_UNUSED_VARIABLE = YES;
				IPHONEOS_DEPLOYMENT_TARGET = 9.0;
				MTL_ENABLE_DEBUG_INFO = YES;
				ONLY_ACTIVE_ARCH = YES;
				SDKROOT = iphoneos;
				SWIFT_OPTIMIZATION_LEVEL = "-Onone";
				TARGETED_DEVICE_FAMILY = "1,2";
			};
			name = Debug;
		};
		D9C1638F1B9BC9460080ADE9 /* Release */ = {
			isa = XCBuildConfiguration;
			buildSettings = {
				ALWAYS_SEARCH_USER_PATHS = NO;
				CLANG_CXX_LANGUAGE_STANDARD = "gnu++0x";
				CLANG_CXX_LIBRARY = "libc++";
				CLANG_ENABLE_MODULES = YES;
				CLANG_ENABLE_OBJC_ARC = YES;
				CLANG_WARN_BOOL_CONVERSION = YES;
				CLANG_WARN_CONSTANT_CONVERSION = YES;
				CLANG_WARN_DIRECT_OBJC_ISA_USAGE = YES_ERROR;
				CLANG_WARN_EMPTY_BODY = YES;
				CLANG_WARN_ENUM_CONVERSION = YES;
				CLANG_WARN_INT_CONVERSION = YES;
				CLANG_WARN_OBJC_ROOT_CLASS = YES_ERROR;
				CLANG_WARN_UNREACHABLE_CODE = YES;
				CLANG_WARN__DUPLICATE_METHOD_MATCH = YES;
				"CODE_SIGN_IDENTITY[sdk=iphoneos*]" = "iPhone Developer";
				COPY_PHASE_STRIP = NO;
				DEBUG_INFORMATION_FORMAT = "dwarf-with-dsym";
				ENABLE_NS_ASSERTIONS = NO;
				ENABLE_STRICT_OBJC_MSGSEND = YES;
				GCC_C_LANGUAGE_STANDARD = gnu99;
				GCC_NO_COMMON_BLOCKS = YES;
				GCC_WARN_64_TO_32_BIT_CONVERSION = YES;
				GCC_WARN_ABOUT_RETURN_TYPE = YES_ERROR;
				GCC_WARN_UNDECLARED_SELECTOR = YES;
				GCC_WARN_UNINITIALIZED_AUTOS = YES_AGGRESSIVE;
				GCC_WARN_UNUSED_FUNCTION = YES;
				GCC_WARN_UNUSED_VARIABLE = YES;
				IPHONEOS_DEPLOYMENT_TARGET = 9.0;
				MTL_ENABLE_DEBUG_INFO = NO;
				SDKROOT = iphoneos;
				TARGETED_DEVICE_FAMILY = "1,2";
				VALIDATE_PRODUCT = YES;
			};
			name = Release;
		};
		D9C163911B9BC9460080ADE9 /* Debug */ = {
			isa = XCBuildConfiguration;
			buildSettings = {
				ASSETCATALOG_COMPILER_APPICON_NAME = AppIcon;
				INFOPLIST_FILE = FirstGame/Info.plist;
				LD_RUNPATH_SEARCH_PATHS = "$(inherited) @executable_path/Frameworks";
				PRODUCT_BUNDLE_IDENTIFIER = lsdimagine.FirstGame;
				PRODUCT_NAME = "$(TARGET_NAME)";
			};
			name = Debug;
		};
		D9C163921B9BC9460080ADE9 /* Release */ = {
			isa = XCBuildConfiguration;
			buildSettings = {
				ASSETCATALOG_COMPILER_APPICON_NAME = AppIcon;
				INFOPLIST_FILE = FirstGame/Info.plist;
				LD_RUNPATH_SEARCH_PATHS = "$(inherited) @executable_path/Frameworks";
				PRODUCT_BUNDLE_IDENTIFIER = lsdimagine.FirstGame;
				PRODUCT_NAME = "$(TARGET_NAME)";
			};
			name = Release;
		};
		D9C163941B9BC9460080ADE9 /* Debug */ = {
			isa = XCBuildConfiguration;
			buildSettings = {
				BUNDLE_LOADER = "$(TEST_HOST)";
				DEBUG_INFORMATION_FORMAT = dwarf;
				INFOPLIST_FILE = FirstGameTests/Info.plist;
				LD_RUNPATH_SEARCH_PATHS = "$(inherited) @executable_path/Frameworks @loader_path/Frameworks";
				PRODUCT_BUNDLE_IDENTIFIER = lsdimagine.FirstGameTests;
				PRODUCT_NAME = "$(TARGET_NAME)";
				TEST_HOST = "$(BUILT_PRODUCTS_DIR)/FirstGame.app/FirstGame";
			};
			name = Debug;
		};
		D9C163951B9BC9460080ADE9 /* Release */ = {
			isa = XCBuildConfiguration;
			buildSettings = {
				BUNDLE_LOADER = "$(TEST_HOST)";
				INFOPLIST_FILE = FirstGameTests/Info.plist;
				LD_RUNPATH_SEARCH_PATHS = "$(inherited) @executable_path/Frameworks @loader_path/Frameworks";
				PRODUCT_BUNDLE_IDENTIFIER = lsdimagine.FirstGameTests;
				PRODUCT_NAME = "$(TARGET_NAME)";
				TEST_HOST = "$(BUILT_PRODUCTS_DIR)/FirstGame.app/FirstGame";
			};
			name = Release;
		};
		D9C163971B9BC9460080ADE9 /* Debug */ = {
			isa = XCBuildConfiguration;
			buildSettings = {
				DEBUG_INFORMATION_FORMAT = dwarf;
				INFOPLIST_FILE = FirstGameUITests/Info.plist;
				LD_RUNPATH_SEARCH_PATHS = "$(inherited) @executable_path/Frameworks @loader_path/Frameworks";
				PRODUCT_BUNDLE_IDENTIFIER = lsdimagine.FirstGameUITests;
				PRODUCT_NAME = "$(TARGET_NAME)";
				TEST_TARGET_NAME = FirstGame;
				USES_XCTRUNNER = YES;
			};
			name = Debug;
		};
		D9C163981B9BC9460080ADE9 /* Release */ = {
			isa = XCBuildConfiguration;
			buildSettings = {
				INFOPLIST_FILE = FirstGameUITests/Info.plist;
				LD_RUNPATH_SEARCH_PATHS = "$(inherited) @executable_path/Frameworks @loader_path/Frameworks";
				PRODUCT_BUNDLE_IDENTIFIER = lsdimagine.FirstGameUITests;
				PRODUCT_NAME = "$(TARGET_NAME)";
				TEST_TARGET_NAME = FirstGame;
				USES_XCTRUNNER = YES;
			};
			name = Release;
		};
/* End XCBuildConfiguration section */

/* Begin XCConfigurationList section */
		D9C163611B9BC9450080ADE9 /* Build configuration list for PBXProject "FirstGame" */ = {
			isa = XCConfigurationList;
			buildConfigurations = (
				D9C1638E1B9BC9460080ADE9 /* Debug */,
				D9C1638F1B9BC9460080ADE9 /* Release */,
			);
			defaultConfigurationIsVisible = 0;
			defaultConfigurationName = Release;
		};
		D9C163901B9BC9460080ADE9 /* Build configuration list for PBXNativeTarget "FirstGame" */ = {
			isa = XCConfigurationList;
			buildConfigurations = (
				D9C163911B9BC9460080ADE9 /* Debug */,
				D9C163921B9BC9460080ADE9 /* Release */,
			);
			defaultConfigurationIsVisible = 0;
		};
		D9C163931B9BC9460080ADE9 /* Build configuration list for PBXNativeTarget "FirstGameTests" */ = {
			isa = XCConfigurationList;
			buildConfigurations = (
				D9C163941B9BC9460080ADE9 /* Debug */,
				D9C163951B9BC9460080ADE9 /* Release */,
			);
			defaultConfigurationIsVisible = 0;
		};
		D9C163961B9BC9460080ADE9 /* Build configuration list for PBXNativeTarget "FirstGameUITests" */ = {
			isa = XCConfigurationList;
			buildConfigurations = (
				D9C163971B9BC9460080ADE9 /* Debug */,
				D9C163981B9BC9460080ADE9 /* Release */,
			);
			defaultConfigurationIsVisible = 0;
		};
/* End XCConfigurationList section */
	};
	rootObject = D9C1635E1B9BC9450080ADE9 /* Project object */;
}
